github.com/go-rotini/dotenv v1.0.0 h1:jySZEA4IApVOkCWrbvX31vOezCrRQCiBDZ3AuARtUrI=
github.com/go-rotini/dotenv v1.0.0/go.mod h1:lzvJ5M984uytSVGBaZlUZA0o0lhPAY+ImsT/Mh0gHDI=
github.com/go-rotini/env v1.0.0 h1:32FNaCEOr71BrgTPnZJP1fBNCHKlZ6SbRM7BaEo52ug=
github.com/go-rotini/env v1.0.0/go.mod h1:NTvgcIaYoaMIu9M26PwNSESzCd6iQ2OY3P0VbzqgJ68=
github.com/go-rotini/fs v1.1.1 h1:pb2LsjP7VFivfpe+0RcfsWM4/obknqKxCj5mcr6JJIk=
github.com/go-rotini/fs v1.1.1/go.mod h1:luW0uGI4/AEorTH2DZ65APNwgBFA79lONs+PxIOv1cc=
github.com/go-rotini/jsonc v1.1.0 h1:rH+QF/pRorrNBqSPUI0L5SHi9pGXor48b5TuTdvVie0=
github.com/go-rotini/jsonc v1.1.0/go.mod h1:PG7X1If13RRskZfLk8IM0r1RuQwj0q7BLvsXXmoO1n0=
github.com/go-rotini/jsonschema v1.1.2 h1:qiwAH9z2ko8p3t1PYIwZhkx6q9dD62vyCz+yNbDnfRg=
github.com/go-rotini/jsonschema v1.1.2/go.mod h1:NNKRTuX5gAG1bU0RqbFm4ABXd2KstNdAz25/HuAg2NI=
github.com/go-rotini/recon v1.0.2 h1:QikirN+5ubAKq0GIoD40DkJwDcwHFcwg04glPR0n84k=
github.com/go-rotini/recon v1.0.2/go.mod h1:6+vz+V9aWYI202tYLmkyv6l8yutPcYSrzTLguuDnpZs=
github.com/go-rotini/toml v1.1.1 h1:oaOmwTYt1j/5g0fQgwu3OS46x9dTHB5sSE88WS83TdY=
github.com/go-rotini/toml v1.1.1/go.mod h1:P7vQl8xZqhGc6wmkGkySHYsWMQmGysF095fSrMQXd2w=
github.com/go-rotini/yaml v1.2.1 h1:Q+GQlMCRU/yWTay2J9rT+qsOxmJSWrsLd/bsgonK6T8=
github.com/go-rotini/yaml v1.2.1/go.mod h1:aCxYVUNF3wdysAyVpIRn2j+Uc/2aL3DvNKKQVVsTE6w=
github.com/rogpeppe/go-internal v1.16.0 h1:O9DK+vNMDVGLr2BeZqmpLeMjiMNkuXfcqntWbZV6S5g=
github.com/rogpeppe/go-internal v1.16.0/go.mod h1:DrUVZyrJU+txYW5/1kwtXQSMFio52ZOxX7yM1VHvnxs=
golang.org/x/sys v0.47.0 h1:o7XGOvZQCADBQQ4Y7VNq2dRWQR7JmOUW8Kxx4ZsNgWs=
golang.org/x/sys v0.47.0/go.mod h1:4GL1E5IUh+htKOUEOaiffhrAeqysfVGipDYzABqnCmw=
golang.org/x/tools v0.49.0 h1:3NI7VXzL9+1WZD52Dx2ttoPwD5DWrFGpl9mFZDlmisI=
golang.org/x/tools v0.49.0/go.mod h1:SJNXV9DBKT0UbdttsQjbfJlAE/q+y36++zo3uL3N0Oo=
