github.com/go-rotini/dotenv v1.0.1 h1:lY7GFY20M2xeoj2p7UgPhs3C65irIf6E6AKEND3sWwk=
github.com/go-rotini/dotenv v1.0.1/go.mod h1:cvxdBFrDMl0BDrJ1WbdSZNO7rjarh/PKNAVf2BatKUU=
github.com/go-rotini/env v1.0.1 h1:2m6fY7WaPgV8KFVjPOhPH6DBNrQlNGP/UHjj6fgH8Nc=
github.com/go-rotini/env v1.0.1/go.mod h1:TvzzfF63kAHwfVAU9+IuzVJ507/aMq0pQVVWeoa2twc=
github.com/go-rotini/fs v1.1.2 h1:9e9z7VnT+vp5wHzsfPV49sBUIilIG4MyC5+DVfJSUtk=
github.com/go-rotini/fs v1.1.2/go.mod h1:0FI1kvRkyB8TuSPODXmaYEdpRopRcPF66bOH/gCm1tE=
github.com/go-rotini/jsonc v1.1.1 h1:on14yNsmVAmi3aPCCi7x3tPkk93UPdL9g33n988W23E=
github.com/go-rotini/jsonc v1.1.1/go.mod h1:40nLfZsoKcJsGfH9nGn4iFTV1skTXL+Dmy1A2qrAAVE=
github.com/go-rotini/jsonschema v1.2.0 h1:Z9bfz3BpZ6eJyqV1YO+AjUJi7FazlOyekb+FvrNZ+xc=
github.com/go-rotini/jsonschema v1.2.0/go.mod h1:OiIZUCzjq9RBCdiOG/xVSPWpp6OELorO5LhnaKsVLA4=
github.com/go-rotini/recon v1.1.0 h1:sdm0Ov++lsW+QtJrVglAtrulfx2X+r1ZgKOX4ydOjc8=
github.com/go-rotini/recon v1.1.0/go.mod h1:52uzcboPvYHvt4fN66AckHFaD7A3a9PF+/d+52oUnWY=
github.com/go-rotini/toml v1.2.0 h1:iGEuX6H4erL7vozCPB+Ou8Rsx1B2tYuBT/Ral68U0+E=
github.com/go-rotini/toml v1.2.0/go.mod h1:49HOYOPju2HUG6J0UELUZzLNldXjG++lssuNHakzAwA=
github.com/go-rotini/yaml v1.2.2 h1:MilnILTlziCKmTvGj5KW/WvINYa+VYfwpJDCs2PhHTs=
github.com/go-rotini/yaml v1.2.2/go.mod h1:3EWnb8dQ0OkqdT1W2c67OYtBKJRpBK6Yz+M1e7cIUP0=
github.com/rogpeppe/go-internal v1.16.0 h1:O9DK+vNMDVGLr2BeZqmpLeMjiMNkuXfcqntWbZV6S5g=
github.com/rogpeppe/go-internal v1.16.0/go.mod h1:DrUVZyrJU+txYW5/1kwtXQSMFio52ZOxX7yM1VHvnxs=
golang.org/x/sys v0.47.0 h1:o7XGOvZQCADBQQ4Y7VNq2dRWQR7JmOUW8Kxx4ZsNgWs=
golang.org/x/sys v0.47.0/go.mod h1:4GL1E5IUh+htKOUEOaiffhrAeqysfVGipDYzABqnCmw=
golang.org/x/tools v0.49.0 h1:3NI7VXzL9+1WZD52Dx2ttoPwD5DWrFGpl9mFZDlmisI=
golang.org/x/tools v0.49.0/go.mod h1:SJNXV9DBKT0UbdttsQjbfJlAE/q+y36++zo3uL3N0Oo=
